# generated by rye
# use `rye lock` or `rye sync` to update this lockfile
#
# last locked with the following flags:
#   pre: false
#   features: []
#   all-features: false
#   with-sources: false
#   generate-hashes: false
#   universal: false

-e file:.
annotated-types==0.7.0
    # via pydantic
asyncpg==0.30.0
    # via persistence-service
kafka-python==2.2.13
    # via persistence-service
pydantic==2.11.7
    # via pydantic-settings
pydantic-core==2.33.2
    # via pydantic
pydantic-settings==2.10.1
    # via persistence-service
python-dotenv==1.1.1
    # via pydantic-settings
typing-extensions==4.14.0
    # via pydantic
    # via pydantic-core
    # via typing-inspection
typing-inspection==0.4.1
    # via pydantic
    # via pydantic-settings
